
Microsoft Visual Studio Solution File, Format Version 12.00
# Visual Studio Version 16
VisualStudioVersion = 16.0.31205.134
MinimumVisualStudioVersion = 10.0.40219.1
Project("{FAE04EC0-301F-11D3-BF4B-00C04F79EFBC}") = "EXERCICE 07 - ARRAY M06", "EXERCICE 07 - ARRAY M06\EXERCICE 07 - ARRAY M06.csproj", "{A238720C-11E4-4413-BE69-AB642D570329}"
EndProject
Global
	GlobalSection(SolutionConfigurationPlatforms) = preSolution
		Debug|Any CPU = Debug|Any CPU
		Release|Any CPU = Release|Any CPU
	EndGlobalSection
	GlobalSection(ProjectConfigurationPlatforms) = postSolution
		{A238720C-11E4-4413-BE69-AB642D570329}.Debug|Any CPU.ActiveCfg = Debug|Any CPU
		{A238720C-11E4-4413-BE69-AB642D570329}.Debug|Any CPU.Build.0 = Debug|Any CPU
		{A238720C-11E4-4413-BE69-AB642D570329}.Release|Any CPU.ActiveCfg = Release|Any CPU
		{A238720C-11E4-4413-BE69-AB642D570329}.Release|Any CPU.Build.0 = Release|Any CPU
	EndGlobalSection
	GlobalSection(SolutionProperties) = preSolution
		HideSolutionNode = FALSE
	EndGlobalSection
	GlobalSection(ExtensibilityGlobals) = postSolution
		SolutionGuid = {4A92F926-3B77-4F6D-AD9E-2F325750E505}
	EndGlobalSection
EndGlobal
